
Microsoft Visual Studio Solution File, Format Version 12.00
# Visual Studio Version 17
VisualStudioVersion = 17.3.32825.248
MinimumVisualStudioVersion = 10.0.40219.1
Project("{8BC9CEB8-8B4A-11D0-8D11-00A0C91BC942}") = "Companion", "Companion\Companion.vcxproj", "{6A5E1086-5C93-441C-8988-36AAFC0D0CB8}"
EndProject
Global
	GlobalSection(SolutionConfigurationPlatforms) = preSolution
		Debug|x64 = Debug|x64
		Release|x64 = Release|x64
	EndGlobalSection
	GlobalSection(ProjectConfigurationPlatforms) = postSolution
		{6A5E1086-5C93-441C-8988-36AAFC0D0CB8}.Debug|x64.ActiveCfg = Debug|x64
		{6A5E1086-5C93-441C-8988-36AAFC0D0CB8}.Debug|x64.Build.0 = Debug|x64
		{6A5E1086-5C93-441C-8988-36AAFC0D0CB8}.Release|x64.ActiveCfg = Release|x64
		{6A5E1086-5C93-441C-8988-36AAFC0D0CB8}.Release|x64.Build.0 = Release|x64
	EndGlobalSection
	GlobalSection(SolutionProperties) = preSolution
		HideSolutionNode = FALSE
	EndGlobalSection
	GlobalSection(ExtensibilityGlobals) = postSolution
		SolutionGuid = {C66261DA-CCF9-4656-BFE6-F291C99A898A}
	EndGlobalSection
EndGlobal
